
Microsoft Visual Studio Solution File, Format Version 12.00
# Visual Studio Version 17
VisualStudioVersion = 17.14.36414.22
MinimumVisualStudioVersion = 10.0.40219.1
Project("{FAE04EC0-301F-11D3-BF4B-00C04F79EFBC}") = "CHERRY", "CHERRY.csproj", "{38A8E986-951B-4458-8FE2-BB25BD2AC068}"
EndProject
Project("{FAE04EC0-301F-11D3-BF4B-00C04F79EFBC}") = "Cherry.AuthApi", "..\Cherry.AuthApi\Cherry.AuthApi.csproj", "{5290B8E5-2966-AA4A-F795-A88ED41DEE54}"
EndProject
Global
	GlobalSection(SolutionConfigurationPlatforms) = preSolution
		Debug|Any CPU = Debug|Any CPU
		Release|Any CPU = Release|Any CPU
	EndGlobalSection
	GlobalSection(ProjectConfigurationPlatforms) = postSolution
		{38A8E986-951B-4458-8FE2-BB25BD2AC068}.Debug|Any CPU.ActiveCfg = Debug|Any CPU
		{38A8E986-951B-4458-8FE2-BB25BD2AC068}.Debug|Any CPU.Deploy.0 = Debug|Any CPU
		{38A8E986-951B-4458-8FE2-BB25BD2AC068}.Release|Any CPU.ActiveCfg = Release|Any CPU
		{38A8E986-951B-4458-8FE2-BB25BD2AC068}.Release|Any CPU.Build.0 = Release|Any CPU
		{5290B8E5-2966-AA4A-F795-A88ED41DEE54}.Debug|Any CPU.ActiveCfg = Debug|Any CPU
		{5290B8E5-2966-AA4A-F795-A88ED41DEE54}.Debug|Any CPU.Build.0 = Debug|Any CPU
		{5290B8E5-2966-AA4A-F795-A88ED41DEE54}.Release|Any CPU.ActiveCfg = Release|Any CPU
		{5290B8E5-2966-AA4A-F795-A88ED41DEE54}.Release|Any CPU.Build.0 = Release|Any CPU
	EndGlobalSection
	GlobalSection(SolutionProperties) = preSolution
		HideSolutionNode = FALSE
	EndGlobalSection
	GlobalSection(ExtensibilityGlobals) = postSolution
		SolutionGuid = {6A25579F-1E2F-46D3-8F8E-C2A6148D0D50}
	EndGlobalSection
EndGlobal
